// !$*UTF8*$!
{
	archiveVersion = 1;
	classes = {
	};
	objectVersion = 50;
	objects = {

/* Begin PBXBuildFile section */
		84CBAB762261B88200E1B946 /* main.m in Sources */ = {isa = PBXBuildFile; fileRef = 84CBAB752261B88200E1B946 /* main.m */; };
		84CBAB7E2261B90C00E1B946 /* Person.m in Sources */ = {isa = PBXBuildFile; fileRef = 84CBAB7D2261B90C00E1B946 /* Person.m */; };
		84CBAB842261C23E00E1B946 /* Person+Life.m in Sources */ = {isa = PBXBuildFile; fileRef = 84CBAB832261C23E00E1B946 /* Person+Life.m */; };
/* End PBXBuildFile section */

/* Begin PBXCopyFilesBuildPhase section */
		84CBAB702261B88200E1B946 /* CopyFiles */ = {
			isa = PBXCopyFilesBuildPhase;
			buildActionMask = 2147483647;
			dstPath = /usr/share/man/man1/;
			dstSubfolderSpec = 0;
			files = (
			);
			runOnlyForDeploymentPostprocessing = 1;
		};
/* End PBXCopyFilesBuildPhase section */

/* Begin PBXFileReference section */
		84CBAB722261B88200E1B946 /* Category_in_Obj-C */ = {isa = PBXFileReference; explicitFileType = "compiled.mach-o.executable"; includeInIndex = 0; path = "Category_in_Obj-C"; sourceTree = BUILT_PRODUCTS_DIR; };
		84CBAB752261B88200E1B946 /* main.m */ = {isa = PBXFileReference; lastKnownFileType = sourcecode.c.objc; path = main.m; sourceTree = "<group>"; };
		84CBAB7C2261B90C00E1B946 /* Person.h */ = {isa = PBXFileReference; lastKnownFileType = sourcecode.c.h; path = Person.h; sourceTree = "<group>"; };
		84CBAB7D2261B90C00E1B946 /* Person.m */ = {isa = PBXFileReference; lastKnownFileType = sourcecode.c.objc; path = Person.m; sourceTree = "<group>"; };
		84CBAB822261C23E00E1B946 /* Person+Life.h */ = {isa = PBXFileReference; lastKnownFileType = sourcecode.c.h; path = "Person+Life.h"; sourceTree = "<group>"; };
		84CBAB832261C23E00E1B946 /* Person+Life.m */ = {isa = PBXFileReference; lastKnownFileType = sourcecode.c.objc; path = "Person+Life.m"; sourceTree = "<group>"; };
		84CBAB852261C54700E1B946 /* Person+Life.cpp */ = {isa = PBXFileReference; lastKnownFileType = sourcecode.cpp.cpp; path = "Person+Life.cpp"; sourceTree = "<group>"; };
/* End PBXFileReference section */

/* Begin PBXFrameworksBuildPhase section */
		84CBAB6F2261B88200E1B946 /* Frameworks */ = {
			isa = PBXFrameworksBuildPhase;
			buildActionMask = 2147483647;
			files = (
			);
			runOnlyForDeploymentPostprocessing = 0;
		};
/* End PBXFrameworksBuildPhase section */

/* Begin PBXGroup section */
		84CBAB692261B88200E1B946 = {
			isa = PBXGroup;
			children = (
				84CBAB742261B88200E1B946 /* Category_in_Obj-C */,
				84CBAB732261B88200E1B946 /* Products */,
			);
			sourceTree = "<group>";
		};
		84CBAB732261B88200E1B946 /* Products */ = {
			isa = PBXGroup;
			children = (
				84CBAB722261B88200E1B946 /* Category_in_Obj-C */,
			);
			name = Products;
			sourceTree = "<group>";
		};
		84CBAB742261B88200E1B946 /* Category_in_Obj-C */ = {
			isa = PBXGroup;
			children = (
				84CBAB752261B88200E1B946 /* main.m */,
				84CBAB7C2261B90C00E1B946 /* Person.h */,
				84CBAB7D2261B90C00E1B946 /* Person.m */,
				84CBAB822261C23E00E1B946 /* Person+Life.h */,
				84CBAB832261C23E00E1B946 /* Person+Life.m */,
				84CBAB852261C54700E1B946 /* Person+Life.cpp */,
			);
			path = "Category_in_Obj-C";
			sourceTree = "<group>";
		};
/* End PBXGroup section */

/* Begin PBXNativeTarget section */
		84CBAB712261B88200E1B946 /* Category_in_Obj-C */ = {
			isa = PBXNativeTarget;
			buildConfigurationList = 84CBAB792261B88200E1B946 /* Build configuration list for PBXNativeTarget "Category_in_Obj-C" */;
			buildPhases = (
				84CBAB6E2261B88200E1B946 /* Sources */,
				84CBAB6F2261B88200E1B946 /* Frameworks */,
				84CBAB702261B88200E1B946 /* CopyFiles */,
			);
			buildRules = (
			);
			dependencies = (
			);
			name = "Category_in_Obj-C";
			productName = "Category_in_Obj-C";
			productReference = 84CBAB722261B88200E1B946 /* Category_in_Obj-C */;
			productType = "com.apple.product-type.tool";
		};
/* End PBXNativeTarget section */

/* Begin PBXProject section */
		84CBAB6A2261B88200E1B946 /* Project object */ = {
			isa = PBXProject;
			attributes = {
				LastUpgradeCheck = 1020;
				ORGANIZATIONNAME = kingcos;
				TargetAttributes = {
					84CBAB712261B88200E1B946 = {
						CreatedOnToolsVersion = 10.2;
					};
				};
			};
			buildConfigurationList = 84CBAB6D2261B88200E1B946 /* Build configuration list for PBXProject "Category_in_Obj-C" */;
			compatibilityVersion = "Xcode 9.3";
			developmentRegion = en;
			hasScannedForEncodings = 0;
			knownRegions = (
				en,
			);
			mainGroup = 84CBAB692261B88200E1B946;
			productRefGroup = 84CBAB732261B88200E1B946 /* Products */;
			projectDirPath = "";
			projectRoot = "";
			targets = (
				84CBAB712261B88200E1B946 /* Category_in_Obj-C */,
			);
		};
/* End PBXProject section */

/* Begin PBXSourcesBuildPhase section */
		84CBAB6E2261B88200E1B946 /* Sources */ = {
			isa = PBXSourcesBuildPhase;
			buildActionMask = 2147483647;
			files = (
				84CBAB842261C23E00E1B946 /* Person+Life.m in Sources */,
				84CBAB7E2261B90C00E1B946 /* Person.m in Sources */,
				84CBAB762261B88200E1B946 /* main.m in Sources */,
			);
			runOnlyForDeploymentPostprocessing = 0;
		};
/* End PBXSourcesBuildPhase section */

/* Begin XCBuildConfiguration section */
		84CBAB772261B88200E1B946 /* Debug */ = {
			isa = XCBuildConfiguration;
			buildSettings = {
				ALWAYS_SEARCH_USER_PATHS = NO;
				CLANG_ANALYZER_NONNULL = YES;
				CLANG_ANALYZER_NUMBER_OBJECT_CONVERSION = YES_AGGRESSIVE;
				CLANG_CXX_LANGUAGE_STANDARD = "gnu++14";
				CLANG_CXX_LIBRARY = "libc++";
				CLANG_ENABLE_MODULES = YES;
				CLANG_ENABLE_OBJC_ARC = YES;
				CLANG_ENABLE_OBJC_WEAK = YES;
				CLANG_WARN_BLOCK_CAPTURE_AUTORELEASING = YES;
				CLANG_WARN_BOOL_CONVERSION = YES;
				CLANG_WARN_COMMA = YES;
				CLANG_WARN_CONSTANT_CONVERSION = YES;
				CLANG_WARN_DEPRECATED_OBJC_IMPLEMENTATIONS = YES;
				CLANG_WARN_DIRECT_OBJC_ISA_USAGE = YES_ERROR;
				CLANG_WARN_DOCUMENTATION_COMMENTS = YES;
				CLANG_WARN_EMPTY_BODY = YES;
				CLANG_WARN_ENUM_CONVERSION = YES;
				CLANG_WARN_INFINITE_RECURSION = YES;
				CLANG_WARN_INT_CONVERSION = YES;
				CLANG_WARN_NON_LITERAL_NULL_CONVERSION = YES;
				CLANG_WARN_OBJC_IMPLICIT_RETAIN_SELF = YES;
				CLANG_WARN_OBJC_LITERAL_CONVERSION = YES;
				CLANG_WARN_OBJC_ROOT_CLASS = YES_ERROR;
				CLANG_WARN_RANGE_LOOP_ANALYSIS = YES;
				CLANG_WARN_STRICT_PROTOTYPES = YES;
				CLANG_WARN_SUSPICIOUS_MOVE = YES;
				CLANG_WARN_UNGUARDED_AVAILABILITY = YES_AGGRESSIVE;
				CLANG_WARN_UNREACHABLE_CODE = YES;
				CLANG_WARN__DUPLICATE_METHOD_MATCH = YES;
				CODE_SIGN_IDENTITY = "Mac Developer";
				COPY_PHASE_STRIP = NO;
				DEBUG_INFORMATION_FORMAT = dwarf;
				ENABLE_STRICT_OBJC_MSGSEND = YES;
				ENABLE_TESTABILITY = YES;
				GCC_C_LANGUAGE_STANDARD = gnu11;
				GCC_DYNAMIC_NO_PIC = NO;
				GCC_NO_COMMON_BLOCKS = YES;
				GCC_OPTIMIZATION_LEVEL = 0;
				GCC_PREPROCESSOR_DEFINITIONS = (
					"DEBUG=1",
					"$(inherited)",
				);
				GCC_WARN_64_TO_32_BIT_CONVERSION = YES;
				GCC_WARN_ABOUT_RETURN_TYPE = YES_ERROR;
				GCC_WARN_UNDECLARED_SELECTOR = YES;
				GCC_WARN_UNINITIALIZED_AUTOS = YES_AGGRESSIVE;
				GCC_WARN_UNUSED_FUNCTION = YES;
				GCC_WARN_UNUSED_VARIABLE = YES;
				MACOSX_DEPLOYMENT_TARGET = 10.14;
				MTL_ENABLE_DEBUG_INFO = INCLUDE_SOURCE;
				MTL_FAST_MATH = YES;
				ONLY_ACTIVE_ARCH = YES;
				SDKROOT = macosx;
			};
			name = Debug;
		};
		84CBAB782261B88200E1B946 /* Release */ = {
			isa = XCBuildConfiguration;
			buildSettings = {
				ALWAYS_SEARCH_USER_PATHS = NO;
				CLANG_ANALYZER_NONNULL = YES;
				CLANG_ANALYZER_NUMBER_OBJECT_CONVERSION = YES_AGGRESSIVE;
				CLANG_CXX_LANGUAGE_STANDARD = "gnu++14";
				CLANG_CXX_LIBRARY = "libc++";
				CLANG_ENABLE_MODULES = YES;
				CLANG_ENABLE_OBJC_ARC = YES;
				CLANG_ENABLE_OBJC_WEAK = YES;
				CLANG_WARN_BLOCK_CAPTURE_AUTORELEASING = YES;
				CLANG_WARN_BOOL_CONVERSION = YES;
				CLANG_WARN_COMMA = YES;
				CLANG_WARN_CONSTANT_CONVERSION = YES;
				CLANG_WARN_DEPRECATED_OBJC_IMPLEMENTATIONS = YES;
				CLANG_WARN_DIRECT_OBJC_ISA_USAGE = YES_ERROR;
				CLANG_WARN_DOCUMENTATION_COMMENTS = YES;
				CLANG_WARN_EMPTY_BODY = YES;
				CLANG_WARN_ENUM_CONVERSION = YES;
				CLANG_WARN_INFINITE_RECURSION = YES;
				CLANG_WARN_INT_CONVERSION = YES;
				CLANG_WARN_NON_LITERAL_NULL_CONVERSION = YES;
				CLANG_WARN_OBJC_IMPLICIT_RETAIN_SELF = YES;
				CLANG_WARN_OBJC_LITERAL_CONVERSION = YES;
				CLANG_WARN_OBJC_ROOT_CLASS = YES_ERROR;
				CLANG_WARN_RANGE_LOOP_ANALYSIS = YES;
				CLANG_WARN_STRICT_PROTOTYPES = YES;
				CLANG_WARN_SUSPICIOUS_MOVE = YES;
				CLANG_WARN_UNGUARDED_AVAILABILITY = YES_AGGRESSIVE;
				CLANG_WARN_UNREACHABLE_CODE = YES;
				CLANG_WARN__DUPLICATE_METHOD_MATCH = YES;
				CODE_SIGN_IDENTITY = "Mac Developer";
				COPY_PHASE_STRIP = NO;
				DEBUG_INFORMATION_FORMAT = "dwarf-with-dsym";
				ENABLE_NS_ASSERTIONS = NO;
				ENABLE_STRICT_OBJC_MSGSEND = YES;
				GCC_C_LANGUAGE_STANDARD = gnu11;
				GCC_NO_COMMON_BLOCKS = YES;
				GCC_WARN_64_TO_32_BIT_CONVERSION = YES;
				GCC_WARN_ABOUT_RETURN_TYPE = YES_ERROR;
				GCC_WARN_UNDECLARED_SELECTOR = YES;
				GCC_WARN_UNINITIALIZED_AUTOS = YES_AGGRESSIVE;
				GCC_WARN_UNUSED_FUNCTION = YES;
				GCC_WARN_UNUSED_VARIABLE = YES;
				MACOSX_DEPLOYMENT_TARGET = 10.14;
				MTL_ENABLE_DEBUG_INFO = NO;
				MTL_FAST_MATH = YES;
				SDKROOT = macosx;
			};
			name = Release;
		};
		84CBAB7A2261B88200E1B946 /* Debug */ = {
			isa = XCBuildConfiguration;
			buildSettings = {
				CODE_SIGN_STYLE = Automatic;
				DEVELOPMENT_TEAM = LEG7CXMPKJ;
				PRODUCT_NAME = "$(TARGET_NAME)";
			};
			name = Debug;
		};
		84CBAB7B2261B88200E1B946 /* Release */ = {
			isa = XCBuildConfiguration;
			buildSettings = {
				CODE_SIGN_STYLE = Automatic;
				DEVELOPMENT_TEAM = LEG7CXMPKJ;
				PRODUCT_NAME = "$(TARGET_NAME)";
			};
			name = Release;
		};
/* End XCBuildConfiguration section */

/* Begin XCConfigurationList section */
		84CBAB6D2261B88200E1B946 /* Build configuration list for PBXProject "Category_in_Obj-C" */ = {
			isa = XCConfigurationList;
			buildConfigurations = (
				84CBAB772261B88200E1B946 /* Debug */,
				84CBAB782261B88200E1B946 /* Release */,
			);
			defaultConfigurationIsVisible = 0;
			defaultConfigurationName = Release;
		};
		84CBAB792261B88200E1B946 /* Build configuration list for PBXNativeTarget "Category_in_Obj-C" */ = {
			isa = XCConfigurationList;
			buildConfigurations = (
				84CBAB7A2261B88200E1B946 /* Debug */,
				84CBAB7B2261B88200E1B946 /* Release */,
			);
			defaultConfigurationIsVisible = 0;
			defaultConfigurationName = Release;
		};
/* End XCConfigurationList section */
	};
	rootObject = 84CBAB6A2261B88200E1B946 /* Project object */;
}
